
Microsoft Visual Studio Solution File, Format Version 12.00
# Visual Studio Version 16
VisualStudioVersion = 16.0.30517.126
MinimumVisualStudioVersion = 10.0.40219.1
Project("{FAE04EC0-301F-11D3-BF4B-00C04F79EFBC}") = "teams-blazor-wasm", "teams-blazor-wasm.csproj", "{F02331CB-FFA6-424F-AD69-65A66C587840}"
EndProject
Global
	GlobalSection(SolutionConfigurationPlatforms) = preSolution
		Debug|Any CPU = Debug|Any CPU
		Release|Any CPU = Release|Any CPU
	EndGlobalSection
	GlobalSection(ProjectConfigurationPlatforms) = postSolution
		{F02331CB-FFA6-424F-AD69-65A66C587840}.Debug|Any CPU.ActiveCfg = Debug|Any CPU
		{F02331CB-FFA6-424F-AD69-65A66C587840}.Debug|Any CPU.Build.0 = Debug|Any CPU
		{F02331CB-FFA6-424F-AD69-65A66C587840}.Release|Any CPU.ActiveCfg = Release|Any CPU
		{F02331CB-FFA6-424F-AD69-65A66C587840}.Release|Any CPU.Build.0 = Release|Any CPU
	EndGlobalSection
	GlobalSection(SolutionProperties) = preSolution
		HideSolutionNode = FALSE
	EndGlobalSection
	GlobalSection(ExtensibilityGlobals) = postSolution
		SolutionGuid = {E780669D-DD64-42D0-99BD-9B78DC3AFEED}
	EndGlobalSection
EndGlobal
